
Microsoft Visual Studio Solution File, Format Version 12.00
# Visual Studio Version 16
VisualStudioVersion = 16.0.30002.166
MinimumVisualStudioVersion = 10.0.40219.1
Project("{9A19103F-16F7-4668-BE54-9A1E7A4F7556}") = "Blazor.Templates.MajesticAdmin", "Blazor.Templates.MajesticAdmin\Blazor.Templates.MajesticAdmin.csproj", "{95BDBC8D-1E3A-4339-A392-72AA54CAA737}"
EndProject
Project("{2150E333-8FDC-42A3-9474-1A3956D46DE8}") = "Blazor", "Blazor", "{3FD7B8BE-DA70-44F1-841B-CA4074DB0BDF}"
EndProject
Project("{9A19103F-16F7-4668-BE54-9A1E7A4F7556}") = "Blazor.ServerSide.Core", "Blazor.ServerSide.Core\Blazor.ServerSide.Core.csproj", "{80B6559A-0C84-440A-824D-4DE1DF231DEF}"
EndProject
Project("{2150E333-8FDC-42A3-9474-1A3956D46DE8}") = "Excel", "Excel", "{2E2F9E3D-3E20-4173-A3B7-2A8F7C4EEC1B}"
EndProject
Project("{9A19103F-16F7-4668-BE54-9A1E7A4F7556}") = "Excel.Abstractions", "Excel.Abstractions\Excel.Abstractions.csproj", "{AB6C5A55-BBDB-49FD-93E4-EA8AB288B98D}"
EndProject
Project("{9A19103F-16F7-4668-BE54-9A1E7A4F7556}") = "Excel.EPPlus", "Excel.EPP\Excel.EPPlus.csproj", "{0FC132DA-D482-49A2-A11E-B68CE155B0B5}"
EndProject
Project("{9A19103F-16F7-4668-BE54-9A1E7A4F7556}") = "Blazor.Mobx.Core", "Blazor.Mobx.Core\Blazor.Mobx.Core.csproj", "{DF244571-6EF0-431B-8F73-8AB35132D5FA}"
EndProject
Project("{9A19103F-16F7-4668-BE54-9A1E7A4F7556}") = "Blazor.Mobx.Samples.ServerSide", "Blazor.Mobx.Samples.ServerSide\Blazor.Mobx.Samples.ServerSide.csproj", "{062C5DA0-BF38-4133-A53D-B465F2084697}"
EndProject
Project("{9A19103F-16F7-4668-BE54-9A1E7A4F7556}") = "Blazor.Mobx.Proxies.DynamicProxy", "Blazor.Mobx.Proxies.DynamicProxy\Blazor.Mobx.Proxies.DynamicProxy.csproj", "{2A65FBD6-3343-4868-A33F-8E9FD48E3F5F}"
EndProject
Project("{9A19103F-16F7-4668-BE54-9A1E7A4F7556}") = "Blazor.Mobx.Core.Abstractions", "Blazor.Mobx.Core.Abstractions\Blazor.Mobx.Core.Abstractions.csproj", "{AFEFE6AF-6158-41E7-ADCA-1AC57A825BCC}"
EndProject
Project("{9A19103F-16F7-4668-BE54-9A1E7A4F7556}") = "Blazor.Mobx.Observables.Default", "Blazor.Mobx.Observables.Default\Blazor.Mobx.Observables.Default.csproj", "{D0C59EBC-A717-423B-9637-6502D1A39254}"
EndProject
Project("{9A19103F-16F7-4668-BE54-9A1E7A4F7556}") = "Blazor.Mobx.Samples.ClientSide", "Blazor.Mobx.Samples.ClientSide\Blazor.Mobx.Samples.ClientSide.csproj", "{E4B9EEAB-75E1-4A8B-8D7C-FF3107DB89B8}"
EndProject
Project("{9A19103F-16F7-4668-BE54-9A1E7A4F7556}") = "Blazor.Mobx.Samples.Shared", "Blazor.Mobx.Samples.Shared\Blazor.Mobx.Samples.Shared.csproj", "{AE94E805-9FCB-421F-9576-13CFABADC3DD}"
EndProject
Project("{9A19103F-16F7-4668-BE54-9A1E7A4F7556}") = "Blazor.Mobx.Proxies.RuntimeProxy", "Blazor.Mobx.Proxies.RuntimeProxy\Blazor.Mobx.Proxies.RuntimeProxy.csproj", "{D75734D0-9CE4-488A-873D-B9F9BEE53D3F}"
EndProject
Project("{9A19103F-16F7-4668-BE54-9A1E7A4F7556}") = "Blazor.Mobx.Proxies.RuntimeProxy.Tests", "Blazor.Mobx.Proxies.RuntimeProxy.Tests\Blazor.Mobx.Proxies.RuntimeProxy.Tests.csproj", "{2B766694-A199-42C9-BEC5-472A2043EBE5}"
EndProject
Project("{9A19103F-16F7-4668-BE54-9A1E7A4F7556}") = "Blazor.Mobx.Core.Tests", "Blazor.Mobx.Core.Tests\Blazor.Mobx.Core.Tests.csproj", "{A9848528-2B41-49E3-91A4-9B39B8BEF7FB}"
EndProject
Project("{9A19103F-16F7-4668-BE54-9A1E7A4F7556}") = "Blazor.Mobx.TestProfiler", "Blazor.Mobx.TestProfiler\Blazor.Mobx.TestProfiler.csproj", "{E1AAAC28-89B6-46E7-A494-735259CD48DD}"
EndProject
Project("{9A19103F-16F7-4668-BE54-9A1E7A4F7556}") = "Blazor.Mobx.Observables.Default.Tests", "Blazor.Mobx.Observables.Default.Tests\Blazor.Mobx.Observables.Default.Tests.csproj", "{B23E30DC-67FB-4B68-A4C2-9EF9AD3F9C2B}"
EndProject
Project("{2150E333-8FDC-42A3-9474-1A3956D46DE8}") = "Tests", "Tests", "{08E5FE3B-F746-4A66-9CF9-6D0E371ED484}"
EndProject
Project("{2150E333-8FDC-42A3-9474-1A3956D46DE8}") = "Samples", "Samples", "{9628031F-52F1-4EA7-BCB3-A407C7ACC27C}"
EndProject
Project("{9A19103F-16F7-4668-BE54-9A1E7A4F7556}") = "Blazor.Components", "Blazor.Components\Blazor.Components.csproj", "{29ECB6AA-CC5B-474A-96C5-EA1BBA2ED759}"
EndProject
Project("{9A19103F-16F7-4668-BE54-9A1E7A4F7556}") = "Blazor.Templates.Frest", "Blazor.Templates.Frest\Blazor.Templates.Frest.csproj", "{74E2E3A3-CED4-4840-BE08-267C703859A6}"
EndProject
Project("{9A19103F-16F7-4668-BE54-9A1E7A4F7556}") = "Blazor.Templates.Frest.Sample", "Blazor.Templates.Frest.Sample\Blazor.Templates.Frest.Sample.csproj", "{6414DCB6-976C-4193-AF10-5F4DFA691587}"
EndProject
Project("{9A19103F-16F7-4668-BE54-9A1E7A4F7556}") = "Blazor.Core", "Blazor.Core\Blazor.Core.csproj", "{A5D57B5D-C2B6-4DA6-A59C-01E7B810BC9E}"
EndProject
Project("{9A19103F-16F7-4668-BE54-9A1E7A4F7556}") = "Blazor.Templates.MajesticAdmin.Sample", "Blazor.Templates.MajesticAdmin.Sample\Blazor.Templates.MajesticAdmin.Sample.csproj", "{B97340D9-56B4-47CF-B3B8-390D17EFF0CA}"
EndProject
Project("{9A19103F-16F7-4668-BE54-9A1E7A4F7556}") = "Blazor.BlazorCommunicationFoundation.Core", "Blazor.BlazorCommunicationFoundation.Core\Blazor.BlazorCommunicationFoundation.Core.csproj", "{3E979C7C-420F-445D-9327-D7F5A15FE9A5}"
EndProject
Project("{9A19103F-16F7-4668-BE54-9A1E7A4F7556}") = "Blazor.BlazorCommunicationFoundation.Client", "Blazor.BlazorCommunicationFoundation.Client\Blazor.BlazorCommunicationFoundation.Client.csproj", "{82D6B6DA-9BAB-4EEA-9568-5BD84C124147}"
EndProject
Project("{9A19103F-16F7-4668-BE54-9A1E7A4F7556}") = "Blazor.BlazorCommunicationFoundation.Server", "Blazor.BlazorCommunicationFoundation.Server\Blazor.BlazorCommunicationFoundation.Server.csproj", "{FC83DA27-C062-4191-A5EC-A3C38B0955A1}"
EndProject
Project("{2150E333-8FDC-42A3-9474-1A3956D46DE8}") = "BlazorCommunicationFoundation", "BlazorCommunicationFoundation", "{73FF00A2-0EA9-470B-93E2-5513BC953649}"
EndProject
Project("{2150E333-8FDC-42A3-9474-1A3956D46DE8}") = "Sample", "Sample", "{131C37EE-820A-409D-AF3F-F8DC130A3353}"
EndProject
Project("{FAE04EC0-301F-11D3-BF4B-00C04F79EFBC}") = "Blazor.BlazorCommunicationFoundation.Sample.Server", "Blazor.BlazorCommunicationFoundation.Sample\Server\Blazor.BlazorCommunicationFoundation.Sample.Server.csproj", "{0798846F-B8DC-4067-AA6E-F0E517941C0A}"
EndProject
Project("{FAE04EC0-301F-11D3-BF4B-00C04F79EFBC}") = "Blazor.BlazorCommunicationFoundation.Sample.Client", "Blazor.BlazorCommunicationFoundation.Sample\Client\Blazor.BlazorCommunicationFoundation.Sample.Client.csproj", "{7A2CC649-D898-4223-8566-81A1F350C6E6}"
EndProject
Project("{FAE04EC0-301F-11D3-BF4B-00C04F79EFBC}") = "Blazor.BlazorCommunicationFoundation.Sample.Shared", "Blazor.BlazorCommunicationFoundation.Sample\Shared\Blazor.BlazorCommunicationFoundation.Sample.Shared.csproj", "{430B0FB1-6DE0-4EFC-AB86-669192573D56}"
EndProject
Global
	GlobalSection(SolutionConfigurationPlatforms) = preSolution
		Debug|Any CPU = Debug|Any CPU
		Release|Any CPU = Release|Any CPU
	EndGlobalSection
	GlobalSection(ProjectConfigurationPlatforms) = postSolution
		{95BDBC8D-1E3A-4339-A392-72AA54CAA737}.Debug|Any CPU.ActiveCfg = Debug|Any CPU
		{95BDBC8D-1E3A-4339-A392-72AA54CAA737}.Debug|Any CPU.Build.0 = Debug|Any CPU
		{95BDBC8D-1E3A-4339-A392-72AA54CAA737}.Release|Any CPU.ActiveCfg = Release|Any CPU
		{95BDBC8D-1E3A-4339-A392-72AA54CAA737}.Release|Any CPU.Build.0 = Release|Any CPU
		{80B6559A-0C84-440A-824D-4DE1DF231DEF}.Debug|Any CPU.ActiveCfg = Debug|Any CPU
		{80B6559A-0C84-440A-824D-4DE1DF231DEF}.Debug|Any CPU.Build.0 = Debug|Any CPU
		{80B6559A-0C84-440A-824D-4DE1DF231DEF}.Release|Any CPU.ActiveCfg = Release|Any CPU
		{80B6559A-0C84-440A-824D-4DE1DF231DEF}.Release|Any CPU.Build.0 = Release|Any CPU
		{AB6C5A55-BBDB-49FD-93E4-EA8AB288B98D}.Debug|Any CPU.ActiveCfg = Debug|Any CPU
		{AB6C5A55-BBDB-49FD-93E4-EA8AB288B98D}.Debug|Any CPU.Build.0 = Debug|Any CPU
		{AB6C5A55-BBDB-49FD-93E4-EA8AB288B98D}.Release|Any CPU.ActiveCfg = Release|Any CPU
		{AB6C5A55-BBDB-49FD-93E4-EA8AB288B98D}.Release|Any CPU.Build.0 = Release|Any CPU
		{0FC132DA-D482-49A2-A11E-B68CE155B0B5}.Debug|Any CPU.ActiveCfg = Debug|Any CPU
		{0FC132DA-D482-49A2-A11E-B68CE155B0B5}.Debug|Any CPU.Build.0 = Debug|Any CPU
		{0FC132DA-D482-49A2-A11E-B68CE155B0B5}.Release|Any CPU.ActiveCfg = Release|Any CPU
		{0FC132DA-D482-49A2-A11E-B68CE155B0B5}.Release|Any CPU.Build.0 = Release|Any CPU
		{DF244571-6EF0-431B-8F73-8AB35132D5FA}.Debug|Any CPU.ActiveCfg = Debug|Any CPU
		{DF244571-6EF0-431B-8F73-8AB35132D5FA}.Debug|Any CPU.Build.0 = Debug|Any CPU
		{DF244571-6EF0-431B-8F73-8AB35132D5FA}.Release|Any CPU.ActiveCfg = Release|Any CPU
		{DF244571-6EF0-431B-8F73-8AB35132D5FA}.Release|Any CPU.Build.0 = Release|Any CPU
		{062C5DA0-BF38-4133-A53D-B465F2084697}.Debug|Any CPU.ActiveCfg = Debug|Any CPU
		{062C5DA0-BF38-4133-A53D-B465F2084697}.Debug|Any CPU.Build.0 = Debug|Any CPU
		{062C5DA0-BF38-4133-A53D-B465F2084697}.Release|Any CPU.ActiveCfg = Release|Any CPU
		{062C5DA0-BF38-4133-A53D-B465F2084697}.Release|Any CPU.Build.0 = Release|Any CPU
		{2A65FBD6-3343-4868-A33F-8E9FD48E3F5F}.Debug|Any CPU.ActiveCfg = Debug|Any CPU
		{2A65FBD6-3343-4868-A33F-8E9FD48E3F5F}.Debug|Any CPU.Build.0 = Debug|Any CPU
		{2A65FBD6-3343-4868-A33F-8E9FD48E3F5F}.Release|Any CPU.ActiveCfg = Release|Any CPU
		{2A65FBD6-3343-4868-A33F-8E9FD48E3F5F}.Release|Any CPU.Build.0 = Release|Any CPU
		{AFEFE6AF-6158-41E7-ADCA-1AC57A825BCC}.Debug|Any CPU.ActiveCfg = Debug|Any CPU
		{AFEFE6AF-6158-41E7-ADCA-1AC57A825BCC}.Debug|Any CPU.Build.0 = Debug|Any CPU
		{AFEFE6AF-6158-41E7-ADCA-1AC57A825BCC}.Release|Any CPU.ActiveCfg = Release|Any CPU
		{AFEFE6AF-6158-41E7-ADCA-1AC57A825BCC}.Release|Any CPU.Build.0 = Release|Any CPU
		{D0C59EBC-A717-423B-9637-6502D1A39254}.Debug|Any CPU.ActiveCfg = Debug|Any CPU
		{D0C59EBC-A717-423B-9637-6502D1A39254}.Debug|Any CPU.Build.0 = Debug|Any CPU
		{D0C59EBC-A717-423B-9637-6502D1A39254}.Release|Any CPU.ActiveCfg = Release|Any CPU
		{D0C59EBC-A717-423B-9637-6502D1A39254}.Release|Any CPU.Build.0 = Release|Any CPU
		{E4B9EEAB-75E1-4A8B-8D7C-FF3107DB89B8}.Debug|Any CPU.ActiveCfg = Debug|Any CPU
		{E4B9EEAB-75E1-4A8B-8D7C-FF3107DB89B8}.Debug|Any CPU.Build.0 = Debug|Any CPU
		{E4B9EEAB-75E1-4A8B-8D7C-FF3107DB89B8}.Release|Any CPU.ActiveCfg = Release|Any CPU
		{E4B9EEAB-75E1-4A8B-8D7C-FF3107DB89B8}.Release|Any CPU.Build.0 = Release|Any CPU
		{AE94E805-9FCB-421F-9576-13CFABADC3DD}.Debug|Any CPU.ActiveCfg = Debug|Any CPU
		{AE94E805-9FCB-421F-9576-13CFABADC3DD}.Debug|Any CPU.Build.0 = Debug|Any CPU
		{AE94E805-9FCB-421F-9576-13CFABADC3DD}.Release|Any CPU.ActiveCfg = Release|Any CPU
		{AE94E805-9FCB-421F-9576-13CFABADC3DD}.Release|Any CPU.Build.0 = Release|Any CPU
		{D75734D0-9CE4-488A-873D-B9F9BEE53D3F}.Debug|Any CPU.ActiveCfg = Debug|Any CPU
		{D75734D0-9CE4-488A-873D-B9F9BEE53D3F}.Debug|Any CPU.Build.0 = Debug|Any CPU
		{D75734D0-9CE4-488A-873D-B9F9BEE53D3F}.Release|Any CPU.ActiveCfg = Release|Any CPU
		{D75734D0-9CE4-488A-873D-B9F9BEE53D3F}.Release|Any CPU.Build.0 = Release|Any CPU
		{2B766694-A199-42C9-BEC5-472A2043EBE5}.Debug|Any CPU.ActiveCfg = Debug|Any CPU
		{2B766694-A199-42C9-BEC5-472A2043EBE5}.Debug|Any CPU.Build.0 = Debug|Any CPU
		{2B766694-A199-42C9-BEC5-472A2043EBE5}.Release|Any CPU.ActiveCfg = Release|Any CPU
		{2B766694-A199-42C9-BEC5-472A2043EBE5}.Release|Any CPU.Build.0 = Release|Any CPU
		{A9848528-2B41-49E3-91A4-9B39B8BEF7FB}.Debug|Any CPU.ActiveCfg = Debug|Any CPU
		{A9848528-2B41-49E3-91A4-9B39B8BEF7FB}.Debug|Any CPU.Build.0 = Debug|Any CPU
		{A9848528-2B41-49E3-91A4-9B39B8BEF7FB}.Release|Any CPU.ActiveCfg = Release|Any CPU
		{A9848528-2B41-49E3-91A4-9B39B8BEF7FB}.Release|Any CPU.Build.0 = Release|Any CPU
		{E1AAAC28-89B6-46E7-A494-735259CD48DD}.Debug|Any CPU.ActiveCfg = Debug|Any CPU
		{E1AAAC28-89B6-46E7-A494-735259CD48DD}.Debug|Any CPU.Build.0 = Debug|Any CPU
		{E1AAAC28-89B6-46E7-A494-735259CD48DD}.Release|Any CPU.ActiveCfg = Release|Any CPU
		{E1AAAC28-89B6-46E7-A494-735259CD48DD}.Release|Any CPU.Build.0 = Release|Any CPU
		{B23E30DC-67FB-4B68-A4C2-9EF9AD3F9C2B}.Debug|Any CPU.ActiveCfg = Debug|Any CPU
		{B23E30DC-67FB-4B68-A4C2-9EF9AD3F9C2B}.Debug|Any CPU.Build.0 = Debug|Any CPU
		{B23E30DC-67FB-4B68-A4C2-9EF9AD3F9C2B}.Release|Any CPU.ActiveCfg = Release|Any CPU
		{B23E30DC-67FB-4B68-A4C2-9EF9AD3F9C2B}.Release|Any CPU.Build.0 = Release|Any CPU
		{29ECB6AA-CC5B-474A-96C5-EA1BBA2ED759}.Debug|Any CPU.ActiveCfg = Debug|Any CPU
		{29ECB6AA-CC5B-474A-96C5-EA1BBA2ED759}.Debug|Any CPU.Build.0 = Debug|Any CPU
		{29ECB6AA-CC5B-474A-96C5-EA1BBA2ED759}.Release|Any CPU.ActiveCfg = Release|Any CPU
		{29ECB6AA-CC5B-474A-96C5-EA1BBA2ED759}.Release|Any CPU.Build.0 = Release|Any CPU
		{74E2E3A3-CED4-4840-BE08-267C703859A6}.Debug|Any CPU.ActiveCfg = Debug|Any CPU
		{74E2E3A3-CED4-4840-BE08-267C703859A6}.Debug|Any CPU.Build.0 = Debug|Any CPU
		{74E2E3A3-CED4-4840-BE08-267C703859A6}.Release|Any CPU.ActiveCfg = Release|Any CPU
		{74E2E3A3-CED4-4840-BE08-267C703859A6}.Release|Any CPU.Build.0 = Release|Any CPU
		{6414DCB6-976C-4193-AF10-5F4DFA691587}.Debug|Any CPU.ActiveCfg = Debug|Any CPU
		{6414DCB6-976C-4193-AF10-5F4DFA691587}.Debug|Any CPU.Build.0 = Debug|Any CPU
		{6414DCB6-976C-4193-AF10-5F4DFA691587}.Release|Any CPU.ActiveCfg = Release|Any CPU
		{6414DCB6-976C-4193-AF10-5F4DFA691587}.Release|Any CPU.Build.0 = Release|Any CPU
		{A5D57B5D-C2B6-4DA6-A59C-01E7B810BC9E}.Debug|Any CPU.ActiveCfg = Debug|Any CPU
		{A5D57B5D-C2B6-4DA6-A59C-01E7B810BC9E}.Debug|Any CPU.Build.0 = Debug|Any CPU
		{A5D57B5D-C2B6-4DA6-A59C-01E7B810BC9E}.Release|Any CPU.ActiveCfg = Release|Any CPU
		{A5D57B5D-C2B6-4DA6-A59C-01E7B810BC9E}.Release|Any CPU.Build.0 = Release|Any CPU
		{B97340D9-56B4-47CF-B3B8-390D17EFF0CA}.Debug|Any CPU.ActiveCfg = Debug|Any CPU
		{B97340D9-56B4-47CF-B3B8-390D17EFF0CA}.Debug|Any CPU.Build.0 = Debug|Any CPU
		{B97340D9-56B4-47CF-B3B8-390D17EFF0CA}.Release|Any CPU.ActiveCfg = Release|Any CPU
		{B97340D9-56B4-47CF-B3B8-390D17EFF0CA}.Release|Any CPU.Build.0 = Release|Any CPU
		{3E979C7C-420F-445D-9327-D7F5A15FE9A5}.Debug|Any CPU.ActiveCfg = Debug|Any CPU
		{3E979C7C-420F-445D-9327-D7F5A15FE9A5}.Debug|Any CPU.Build.0 = Debug|Any CPU
		{3E979C7C-420F-445D-9327-D7F5A15FE9A5}.Release|Any CPU.ActiveCfg = Release|Any CPU
		{3E979C7C-420F-445D-9327-D7F5A15FE9A5}.Release|Any CPU.Build.0 = Release|Any CPU
		{82D6B6DA-9BAB-4EEA-9568-5BD84C124147}.Debug|Any CPU.ActiveCfg = Debug|Any CPU
		{82D6B6DA-9BAB-4EEA-9568-5BD84C124147}.Debug|Any CPU.Build.0 = Debug|Any CPU
		{82D6B6DA-9BAB-4EEA-9568-5BD84C124147}.Release|Any CPU.ActiveCfg = Release|Any CPU
		{82D6B6DA-9BAB-4EEA-9568-5BD84C124147}.Release|Any CPU.Build.0 = Release|Any CPU
		{FC83DA27-C062-4191-A5EC-A3C38B0955A1}.Debug|Any CPU.ActiveCfg = Debug|Any CPU
		{FC83DA27-C062-4191-A5EC-A3C38B0955A1}.Debug|Any CPU.Build.0 = Debug|Any CPU
		{FC83DA27-C062-4191-A5EC-A3C38B0955A1}.Release|Any CPU.ActiveCfg = Release|Any CPU
		{FC83DA27-C062-4191-A5EC-A3C38B0955A1}.Release|Any CPU.Build.0 = Release|Any CPU
		{0798846F-B8DC-4067-AA6E-F0E517941C0A}.Debug|Any CPU.ActiveCfg = Debug|Any CPU
		{0798846F-B8DC-4067-AA6E-F0E517941C0A}.Debug|Any CPU.Build.0 = Debug|Any CPU
		{0798846F-B8DC-4067-AA6E-F0E517941C0A}.Release|Any CPU.ActiveCfg = Release|Any CPU
		{0798846F-B8DC-4067-AA6E-F0E517941C0A}.Release|Any CPU.Build.0 = Release|Any CPU
		{7A2CC649-D898-4223-8566-81A1F350C6E6}.Debug|Any CPU.ActiveCfg = Debug|Any CPU
		{7A2CC649-D898-4223-8566-81A1F350C6E6}.Debug|Any CPU.Build.0 = Debug|Any CPU
		{7A2CC649-D898-4223-8566-81A1F350C6E6}.Release|Any CPU.ActiveCfg = Release|Any CPU
		{7A2CC649-D898-4223-8566-81A1F350C6E6}.Release|Any CPU.Build.0 = Release|Any CPU
		{430B0FB1-6DE0-4EFC-AB86-669192573D56}.Debug|Any CPU.ActiveCfg = Debug|Any CPU
		{430B0FB1-6DE0-4EFC-AB86-669192573D56}.Debug|Any CPU.Build.0 = Debug|Any CPU
		{430B0FB1-6DE0-4EFC-AB86-669192573D56}.Release|Any CPU.ActiveCfg = Release|Any CPU
		{430B0FB1-6DE0-4EFC-AB86-669192573D56}.Release|Any CPU.Build.0 = Release|Any CPU
	EndGlobalSection
	GlobalSection(SolutionProperties) = preSolution
		HideSolutionNode = FALSE
	EndGlobalSection
	GlobalSection(NestedProjects) = preSolution
		{95BDBC8D-1E3A-4339-A392-72AA54CAA737} = {3FD7B8BE-DA70-44F1-841B-CA4074DB0BDF}
		{80B6559A-0C84-440A-824D-4DE1DF231DEF} = {3FD7B8BE-DA70-44F1-841B-CA4074DB0BDF}
		{AB6C5A55-BBDB-49FD-93E4-EA8AB288B98D} = {2E2F9E3D-3E20-4173-A3B7-2A8F7C4EEC1B}
		{0FC132DA-D482-49A2-A11E-B68CE155B0B5} = {2E2F9E3D-3E20-4173-A3B7-2A8F7C4EEC1B}
		{DF244571-6EF0-431B-8F73-8AB35132D5FA} = {3FD7B8BE-DA70-44F1-841B-CA4074DB0BDF}
		{062C5DA0-BF38-4133-A53D-B465F2084697} = {9628031F-52F1-4EA7-BCB3-A407C7ACC27C}
		{2A65FBD6-3343-4868-A33F-8E9FD48E3F5F} = {3FD7B8BE-DA70-44F1-841B-CA4074DB0BDF}
		{AFEFE6AF-6158-41E7-ADCA-1AC57A825BCC} = {3FD7B8BE-DA70-44F1-841B-CA4074DB0BDF}
		{D0C59EBC-A717-423B-9637-6502D1A39254} = {3FD7B8BE-DA70-44F1-841B-CA4074DB0BDF}
		{E4B9EEAB-75E1-4A8B-8D7C-FF3107DB89B8} = {9628031F-52F1-4EA7-BCB3-A407C7ACC27C}
		{AE94E805-9FCB-421F-9576-13CFABADC3DD} = {9628031F-52F1-4EA7-BCB3-A407C7ACC27C}
		{D75734D0-9CE4-488A-873D-B9F9BEE53D3F} = {3FD7B8BE-DA70-44F1-841B-CA4074DB0BDF}
		{2B766694-A199-42C9-BEC5-472A2043EBE5} = {08E5FE3B-F746-4A66-9CF9-6D0E371ED484}
		{A9848528-2B41-49E3-91A4-9B39B8BEF7FB} = {08E5FE3B-F746-4A66-9CF9-6D0E371ED484}
		{E1AAAC28-89B6-46E7-A494-735259CD48DD} = {08E5FE3B-F746-4A66-9CF9-6D0E371ED484}
		{B23E30DC-67FB-4B68-A4C2-9EF9AD3F9C2B} = {08E5FE3B-F746-4A66-9CF9-6D0E371ED484}
		{08E5FE3B-F746-4A66-9CF9-6D0E371ED484} = {3FD7B8BE-DA70-44F1-841B-CA4074DB0BDF}
		{9628031F-52F1-4EA7-BCB3-A407C7ACC27C} = {3FD7B8BE-DA70-44F1-841B-CA4074DB0BDF}
		{29ECB6AA-CC5B-474A-96C5-EA1BBA2ED759} = {3FD7B8BE-DA70-44F1-841B-CA4074DB0BDF}
		{74E2E3A3-CED4-4840-BE08-267C703859A6} = {3FD7B8BE-DA70-44F1-841B-CA4074DB0BDF}
		{6414DCB6-976C-4193-AF10-5F4DFA691587} = {3FD7B8BE-DA70-44F1-841B-CA4074DB0BDF}
		{A5D57B5D-C2B6-4DA6-A59C-01E7B810BC9E} = {3FD7B8BE-DA70-44F1-841B-CA4074DB0BDF}
		{B97340D9-56B4-47CF-B3B8-390D17EFF0CA} = {3FD7B8BE-DA70-44F1-841B-CA4074DB0BDF}
		{3E979C7C-420F-445D-9327-D7F5A15FE9A5} = {73FF00A2-0EA9-470B-93E2-5513BC953649}
		{82D6B6DA-9BAB-4EEA-9568-5BD84C124147} = {73FF00A2-0EA9-470B-93E2-5513BC953649}
		{FC83DA27-C062-4191-A5EC-A3C38B0955A1} = {73FF00A2-0EA9-470B-93E2-5513BC953649}
		{73FF00A2-0EA9-470B-93E2-5513BC953649} = {3FD7B8BE-DA70-44F1-841B-CA4074DB0BDF}
		{131C37EE-820A-409D-AF3F-F8DC130A3353} = {73FF00A2-0EA9-470B-93E2-5513BC953649}
		{0798846F-B8DC-4067-AA6E-F0E517941C0A} = {131C37EE-820A-409D-AF3F-F8DC130A3353}
		{7A2CC649-D898-4223-8566-81A1F350C6E6} = {131C37EE-820A-409D-AF3F-F8DC130A3353}
		{430B0FB1-6DE0-4EFC-AB86-669192573D56} = {131C37EE-820A-409D-AF3F-F8DC130A3353}
	EndGlobalSection
	GlobalSection(ExtensibilityGlobals) = postSolution
		SolutionGuid = {AB3C3723-4118-461B-8D37-CD50A2552ABE}
	EndGlobalSection
EndGlobal
