
Microsoft Visual Studio Solution File, Format Version 12.00
# Visual Studio Version 16
VisualStudioVersion = 16.0.30002.166
MinimumVisualStudioVersion = 10.0.40219.1
Project("{9A19103F-16F7-4668-BE54-9A1E7A4F7556}") = "MajesticAdminTemplate", "MajesticAdminTemplate\MajesticAdminTemplate.csproj", "{95BDBC8D-1E3A-4339-A392-72AA54CAA737}"
EndProject
Global
	GlobalSection(SolutionConfigurationPlatforms) = preSolution
		Debug|Any CPU = Debug|Any CPU
		Release|Any CPU = Release|Any CPU
	EndGlobalSection
	GlobalSection(ProjectConfigurationPlatforms) = postSolution
		{95BDBC8D-1E3A-4339-A392-72AA54CAA737}.Debug|Any CPU.ActiveCfg = Debug|Any CPU
		{95BDBC8D-1E3A-4339-A392-72AA54CAA737}.Debug|Any CPU.Build.0 = Debug|Any CPU
		{95BDBC8D-1E3A-4339-A392-72AA54CAA737}.Release|Any CPU.ActiveCfg = Release|Any CPU
		{95BDBC8D-1E3A-4339-A392-72AA54CAA737}.Release|Any CPU.Build.0 = Release|Any CPU
	EndGlobalSection
	GlobalSection(SolutionProperties) = preSolution
		HideSolutionNode = FALSE
	EndGlobalSection
	GlobalSection(ExtensibilityGlobals) = postSolution
		SolutionGuid = {AB3C3723-4118-461B-8D37-CD50A2552ABE}
	EndGlobalSection
EndGlobal
